
Microsoft Visual Studio Solution File, Format Version 12.00
# Visual Studio Version 17
VisualStudioVersion = 17.12.35424.110
MinimumVisualStudioVersion = 10.0.40219.1
Project("{FAE04EC0-301F-11D3-BF4B-00C04F79EFBC}") = "FxEchartHtml", "FxEchartHtml\FxEchartHtml.csproj", "{E3B4B448-4946-4429-8959-80F1AAE17921}"
EndProject
Project("{FAE04EC0-301F-11D3-BF4B-00C04F79EFBC}") = "Echarts", "Echarts\Echarts.csproj", "{4624505F-5B33-46DD-8953-9BE4F01AC82F}"
EndProject
Project("{FAE04EC0-301F-11D3-BF4B-00C04F79EFBC}") = "EchartProxyServer", "EchartProxyServer\EchartProxyServer.csproj", "{1CFCEACB-F9AD-48F9-865E-F7F5E2A0CDE5}"
EndProject
Global
	GlobalSection(SolutionConfigurationPlatforms) = preSolution
		Debug|Any CPU = Debug|Any CPU
		Release|Any CPU = Release|Any CPU
	EndGlobalSection
	GlobalSection(ProjectConfigurationPlatforms) = postSolution
		{E3B4B448-4946-4429-8959-80F1AAE17921}.Debug|Any CPU.ActiveCfg = Debug|Any CPU
		{E3B4B448-4946-4429-8959-80F1AAE17921}.Debug|Any CPU.Build.0 = Debug|Any CPU
		{E3B4B448-4946-4429-8959-80F1AAE17921}.Release|Any CPU.ActiveCfg = Release|Any CPU
		{E3B4B448-4946-4429-8959-80F1AAE17921}.Release|Any CPU.Build.0 = Release|Any CPU
		{4624505F-5B33-46DD-8953-9BE4F01AC82F}.Debug|Any CPU.ActiveCfg = Debug|Any CPU
		{4624505F-5B33-46DD-8953-9BE4F01AC82F}.Debug|Any CPU.Build.0 = Debug|Any CPU
		{4624505F-5B33-46DD-8953-9BE4F01AC82F}.Release|Any CPU.ActiveCfg = Release|Any CPU
		{4624505F-5B33-46DD-8953-9BE4F01AC82F}.Release|Any CPU.Build.0 = Release|Any CPU
		{1CFCEACB-F9AD-48F9-865E-F7F5E2A0CDE5}.Debug|Any CPU.ActiveCfg = Debug|Any CPU
		{1CFCEACB-F9AD-48F9-865E-F7F5E2A0CDE5}.Debug|Any CPU.Build.0 = Debug|Any CPU
		{1CFCEACB-F9AD-48F9-865E-F7F5E2A0CDE5}.Release|Any CPU.ActiveCfg = Release|Any CPU
		{1CFCEACB-F9AD-48F9-865E-F7F5E2A0CDE5}.Release|Any CPU.Build.0 = Release|Any CPU
	EndGlobalSection
	GlobalSection(SolutionProperties) = preSolution
		HideSolutionNode = FALSE
	EndGlobalSection
EndGlobal
